
Microsoft Visual Studio Solution File, Format Version 12.00
# Visual Studio Version 16
VisualStudioVersion = 16.0.29209.152
MinimumVisualStudioVersion = 10.0.40219.1
Project("{FAE04EC0-301F-11D3-BF4B-00C04F79EFBC}") = "Eventlauncher.Web", "Eventlauncher.Web\Eventlauncher.Web.csproj", "{07065672-9541-479B-BA2F-8207D8D0EC19}"
EndProject
Global
	GlobalSection(SolutionConfigurationPlatforms) = preSolution
		Debug|Any CPU = Debug|Any CPU
		Release|Any CPU = Release|Any CPU
	EndGlobalSection
	GlobalSection(ProjectConfigurationPlatforms) = postSolution
		{07065672-9541-479B-BA2F-8207D8D0EC19}.Debug|Any CPU.ActiveCfg = Debug|Any CPU
		{07065672-9541-479B-BA2F-8207D8D0EC19}.Debug|Any CPU.Build.0 = Debug|Any CPU
		{07065672-9541-479B-BA2F-8207D8D0EC19}.Release|Any CPU.ActiveCfg = Release|Any CPU
		{07065672-9541-479B-BA2F-8207D8D0EC19}.Release|Any CPU.Build.0 = Release|Any CPU
	EndGlobalSection
	GlobalSection(SolutionProperties) = preSolution
		HideSolutionNode = FALSE
	EndGlobalSection
	GlobalSection(ExtensibilityGlobals) = postSolution
		SolutionGuid = {151F0DE1-CE87-4877-BCE9-BF5B142EF557}
	EndGlobalSection
EndGlobal
